
Microsoft Visual Studio Solution File, Format Version 12.00
# Visual Studio 15
VisualStudioVersion = 15.0.26124.0
MinimumVisualStudioVersion = 15.0.26124.0
Project("{FAE04EC0-301F-11D3-BF4B-00C04F79EFBC}") = "Everhour.Net", "Everhour.Net\Everhour.Net.csproj", "{ED6E190D-E089-4C05-8C78-A7FCB2125E5A}"
EndProject
Project("{FAE04EC0-301F-11D3-BF4B-00C04F79EFBC}") = "Everhour.Net.Tests", "Everhour.Net.Tests\Everhour.Net.Tests.csproj", "{7E0749D8-FC2D-46C3-B084-5EFFB6F803CA}"
EndProject
Project("{FAE04EC0-301F-11D3-BF4B-00C04F79EFBC}") = "Everhour.Net.Examples", "Everhour.Net.Examples\Everhour.Net.Examples.csproj", "{5EDADEDD-E6C7-404A-AEE3-AE946DB60065}"
EndProject
Global
	GlobalSection(SolutionConfigurationPlatforms) = preSolution
		Debug|Any CPU = Debug|Any CPU
		Debug|x64 = Debug|x64
		Debug|x86 = Debug|x86
		Release|Any CPU = Release|Any CPU
		Release|x64 = Release|x64
		Release|x86 = Release|x86
	EndGlobalSection
	GlobalSection(SolutionProperties) = preSolution
		HideSolutionNode = FALSE
	EndGlobalSection
	GlobalSection(ProjectConfigurationPlatforms) = postSolution
		{ED6E190D-E089-4C05-8C78-A7FCB2125E5A}.Debug|Any CPU.ActiveCfg = Debug|Any CPU
		{ED6E190D-E089-4C05-8C78-A7FCB2125E5A}.Debug|Any CPU.Build.0 = Debug|Any CPU
		{ED6E190D-E089-4C05-8C78-A7FCB2125E5A}.Debug|x64.ActiveCfg = Debug|Any CPU
		{ED6E190D-E089-4C05-8C78-A7FCB2125E5A}.Debug|x64.Build.0 = Debug|Any CPU
		{ED6E190D-E089-4C05-8C78-A7FCB2125E5A}.Debug|x86.ActiveCfg = Debug|Any CPU
		{ED6E190D-E089-4C05-8C78-A7FCB2125E5A}.Debug|x86.Build.0 = Debug|Any CPU
		{ED6E190D-E089-4C05-8C78-A7FCB2125E5A}.Release|Any CPU.ActiveCfg = Release|Any CPU
		{ED6E190D-E089-4C05-8C78-A7FCB2125E5A}.Release|Any CPU.Build.0 = Release|Any CPU
		{ED6E190D-E089-4C05-8C78-A7FCB2125E5A}.Release|x64.ActiveCfg = Release|Any CPU
		{ED6E190D-E089-4C05-8C78-A7FCB2125E5A}.Release|x64.Build.0 = Release|Any CPU
		{ED6E190D-E089-4C05-8C78-A7FCB2125E5A}.Release|x86.ActiveCfg = Release|Any CPU
		{ED6E190D-E089-4C05-8C78-A7FCB2125E5A}.Release|x86.Build.0 = Release|Any CPU
		{7E0749D8-FC2D-46C3-B084-5EFFB6F803CA}.Debug|Any CPU.ActiveCfg = Debug|Any CPU
		{7E0749D8-FC2D-46C3-B084-5EFFB6F803CA}.Debug|Any CPU.Build.0 = Debug|Any CPU
		{7E0749D8-FC2D-46C3-B084-5EFFB6F803CA}.Debug|x64.ActiveCfg = Debug|Any CPU
		{7E0749D8-FC2D-46C3-B084-5EFFB6F803CA}.Debug|x64.Build.0 = Debug|Any CPU
		{7E0749D8-FC2D-46C3-B084-5EFFB6F803CA}.Debug|x86.ActiveCfg = Debug|Any CPU
		{7E0749D8-FC2D-46C3-B084-5EFFB6F803CA}.Debug|x86.Build.0 = Debug|Any CPU
		{7E0749D8-FC2D-46C3-B084-5EFFB6F803CA}.Release|Any CPU.ActiveCfg = Release|Any CPU
		{7E0749D8-FC2D-46C3-B084-5EFFB6F803CA}.Release|Any CPU.Build.0 = Release|Any CPU
		{7E0749D8-FC2D-46C3-B084-5EFFB6F803CA}.Release|x64.ActiveCfg = Release|Any CPU
		{7E0749D8-FC2D-46C3-B084-5EFFB6F803CA}.Release|x64.Build.0 = Release|Any CPU
		{7E0749D8-FC2D-46C3-B084-5EFFB6F803CA}.Release|x86.ActiveCfg = Release|Any CPU
		{7E0749D8-FC2D-46C3-B084-5EFFB6F803CA}.Release|x86.Build.0 = Release|Any CPU
		{5EDADEDD-E6C7-404A-AEE3-AE946DB60065}.Debug|Any CPU.ActiveCfg = Debug|Any CPU
		{5EDADEDD-E6C7-404A-AEE3-AE946DB60065}.Debug|Any CPU.Build.0 = Debug|Any CPU
		{5EDADEDD-E6C7-404A-AEE3-AE946DB60065}.Debug|x64.ActiveCfg = Debug|Any CPU
		{5EDADEDD-E6C7-404A-AEE3-AE946DB60065}.Debug|x64.Build.0 = Debug|Any CPU
		{5EDADEDD-E6C7-404A-AEE3-AE946DB60065}.Debug|x86.ActiveCfg = Debug|Any CPU
		{5EDADEDD-E6C7-404A-AEE3-AE946DB60065}.Debug|x86.Build.0 = Debug|Any CPU
		{5EDADEDD-E6C7-404A-AEE3-AE946DB60065}.Release|Any CPU.ActiveCfg = Release|Any CPU
		{5EDADEDD-E6C7-404A-AEE3-AE946DB60065}.Release|Any CPU.Build.0 = Release|Any CPU
		{5EDADEDD-E6C7-404A-AEE3-AE946DB60065}.Release|x64.ActiveCfg = Release|Any CPU
		{5EDADEDD-E6C7-404A-AEE3-AE946DB60065}.Release|x64.Build.0 = Release|Any CPU
		{5EDADEDD-E6C7-404A-AEE3-AE946DB60065}.Release|x86.ActiveCfg = Release|Any CPU
		{5EDADEDD-E6C7-404A-AEE3-AE946DB60065}.Release|x86.Build.0 = Release|Any CPU
	EndGlobalSection
EndGlobal
